// !$*UTF8*$!
{
	archiveVersion = 1;
	classes = {
	};
	objectVersion = 50;
	objects = {

/* Begin PBXBuildFile section */
		DE99166721C146A800F5E705 /* AppDelegate.swift in Sources */ = {isa = PBXBuildFile; fileRef = DE99166621C146A800F5E705 /* AppDelegate.swift */; };
		DE99166921C146A800F5E705 /* ViewController.swift in Sources */ = {isa = PBXBuildFile; fileRef = DE99166821C146A800F5E705 /* ViewController.swift */; };
		DE99166C21C146A800F5E705 /* Main.storyboard in Resources */ = {isa = PBXBuildFile; fileRef = DE99166A21C146A800F5E705 /* Main.storyboard */; };
		DE99166E21C146AA00F5E705 /* Assets.xcassets in Resources */ = {isa = PBXBuildFile; fileRef = DE99166D21C146AA00F5E705 /* Assets.xcassets */; };
		DE99167121C146AA00F5E705 /* LaunchScreen.storyboard in Resources */ = {isa = PBXBuildFile; fileRef = DE99166F21C146AA00F5E705 /* LaunchScreen.storyboard */; };
		DE99167C21C146AA00F5E705 /* P5_QuizTests.swift in Sources */ = {isa = PBXBuildFile; fileRef = DE99167B21C146AA00F5E705 /* P5_QuizTests.swift */; };
		DE99168721C146AA00F5E705 /* P5_QuizUITests.swift in Sources */ = {isa = PBXBuildFile; fileRef = DE99168621C146AA00F5E705 /* P5_QuizUITests.swift */; };
		DE99169721C1575F00F5E705 /* TriviaTableViewController.swift in Sources */ = {isa = PBXBuildFile; fileRef = DE99169621C1575F00F5E705 /* TriviaTableViewController.swift */; };
		DE99169921C16D5100F5E705 /* TriviaTableViewCell.swift in Sources */ = {isa = PBXBuildFile; fileRef = DE99169821C16D5100F5E705 /* TriviaTableViewCell.swift */; };
/* End PBXBuildFile section */

/* Begin PBXContainerItemProxy section */
		DE99167821C146AA00F5E705 /* PBXContainerItemProxy */ = {
			isa = PBXContainerItemProxy;
			containerPortal = DE99165B21C146A800F5E705 /* Project object */;
			proxyType = 1;
			remoteGlobalIDString = DE99166221C146A800F5E705;
			remoteInfo = P5_Quiz;
		};
		DE99168321C146AA00F5E705 /* PBXContainerItemProxy */ = {
			isa = PBXContainerItemProxy;
			containerPortal = DE99165B21C146A800F5E705 /* Project object */;
			proxyType = 1;
			remoteGlobalIDString = DE99166221C146A800F5E705;
			remoteInfo = P5_Quiz;
		};
/* End PBXContainerItemProxy section */

/* Begin PBXFileReference section */
		DE99166321C146A800F5E705 /* P5_Quiz.app */ = {isa = PBXFileReference; explicitFileType = wrapper.application; includeInIndex = 0; path = P5_Quiz.app; sourceTree = BUILT_PRODUCTS_DIR; };
		DE99166621C146A800F5E705 /* AppDelegate.swift */ = {isa = PBXFileReference; lastKnownFileType = sourcecode.swift; path = AppDelegate.swift; sourceTree = "<group>"; };
		DE99166821C146A800F5E705 /* ViewController.swift */ = {isa = PBXFileReference; lastKnownFileType = sourcecode.swift; path = ViewController.swift; sourceTree = "<group>"; };
		DE99166B21C146A800F5E705 /* Base */ = {isa = PBXFileReference; lastKnownFileType = file.storyboard; name = Base; path = Base.lproj/Main.storyboard; sourceTree = "<group>"; };
		DE99166D21C146AA00F5E705 /* Assets.xcassets */ = {isa = PBXFileReference; lastKnownFileType = folder.assetcatalog; path = Assets.xcassets; sourceTree = "<group>"; };
		DE99167021C146AA00F5E705 /* Base */ = {isa = PBXFileReference; lastKnownFileType = file.storyboard; name = Base; path = Base.lproj/LaunchScreen.storyboard; sourceTree = "<group>"; };
		DE99167221C146AA00F5E705 /* Info.plist */ = {isa = PBXFileReference; lastKnownFileType = text.plist.xml; path = Info.plist; sourceTree = "<group>"; };
		DE99167721C146AA00F5E705 /* P5_QuizTests.xctest */ = {isa = PBXFileReference; explicitFileType = wrapper.cfbundle; includeInIndex = 0; path = P5_QuizTests.xctest; sourceTree = BUILT_PRODUCTS_DIR; };
		DE99167B21C146AA00F5E705 /* P5_QuizTests.swift */ = {isa = PBXFileReference; lastKnownFileType = sourcecode.swift; path = P5_QuizTests.swift; sourceTree = "<group>"; };
		DE99167D21C146AA00F5E705 /* Info.plist */ = {isa = PBXFileReference; lastKnownFileType = text.plist.xml; path = Info.plist; sourceTree = "<group>"; };
		DE99168221C146AA00F5E705 /* P5_QuizUITests.xctest */ = {isa = PBXFileReference; explicitFileType = wrapper.cfbundle; includeInIndex = 0; path = P5_QuizUITests.xctest; sourceTree = BUILT_PRODUCTS_DIR; };
		DE99168621C146AA00F5E705 /* P5_QuizUITests.swift */ = {isa = PBXFileReference; lastKnownFileType = sourcecode.swift; path = P5_QuizUITests.swift; sourceTree = "<group>"; };
		DE99168821C146AA00F5E705 /* Info.plist */ = {isa = PBXFileReference; lastKnownFileType = text.plist.xml; path = Info.plist; sourceTree = "<group>"; };
		DE99169621C1575F00F5E705 /* TriviaTableViewController.swift */ = {isa = PBXFileReference; lastKnownFileType = sourcecode.swift; path = TriviaTableViewController.swift; sourceTree = "<group>"; };
		DE99169821C16D5100F5E705 /* TriviaTableViewCell.swift */ = {isa = PBXFileReference; lastKnownFileType = sourcecode.swift; path = TriviaTableViewCell.swift; sourceTree = "<group>"; };
/* End PBXFileReference section */

/* Begin PBXFrameworksBuildPhase section */
		DE99166021C146A800F5E705 /* Frameworks */ = {
			isa = PBXFrameworksBuildPhase;
			buildActionMask = 2147483647;
			files = (
			);
			runOnlyForDeploymentPostprocessing = 0;
		};
		DE99167421C146AA00F5E705 /* Frameworks */ = {
			isa = PBXFrameworksBuildPhase;
			buildActionMask = 2147483647;
			files = (
			);
			runOnlyForDeploymentPostprocessing = 0;
		};
		DE99167F21C146AA00F5E705 /* Frameworks */ = {
			isa = PBXFrameworksBuildPhase;
			buildActionMask = 2147483647;
			files = (
			);
			runOnlyForDeploymentPostprocessing = 0;
		};
/* End PBXFrameworksBuildPhase section */

/* Begin PBXGroup section */
		DE99165A21C146A800F5E705 = {
			isa = PBXGroup;
			children = (
				DE99166521C146A800F5E705 /* P5_Quiz */,
				DE99167A21C146AA00F5E705 /* P5_QuizTests */,
				DE99168521C146AA00F5E705 /* P5_QuizUITests */,
				DE99166421C146A800F5E705 /* Products */,
			);
			sourceTree = "<group>";
		};
		DE99166421C146A800F5E705 /* Products */ = {
			isa = PBXGroup;
			children = (
				DE99166321C146A800F5E705 /* P5_Quiz.app */,
				DE99167721C146AA00F5E705 /* P5_QuizTests.xctest */,
				DE99168221C146AA00F5E705 /* P5_QuizUITests.xctest */,
			);
			name = Products;
			sourceTree = "<group>";
		};
		DE99166521C146A800F5E705 /* P5_Quiz */ = {
			isa = PBXGroup;
			children = (
				DE99166621C146A800F5E705 /* AppDelegate.swift */,
				DE99166821C146A800F5E705 /* ViewController.swift */,
				DE99166A21C146A800F5E705 /* Main.storyboard */,
				DE99166D21C146AA00F5E705 /* Assets.xcassets */,
				DE99166F21C146AA00F5E705 /* LaunchScreen.storyboard */,
				DE99167221C146AA00F5E705 /* Info.plist */,
				DE99169621C1575F00F5E705 /* TriviaTableViewController.swift */,
				DE99169821C16D5100F5E705 /* TriviaTableViewCell.swift */,
			);
			path = P5_Quiz;
			sourceTree = "<group>";
		};
		DE99167A21C146AA00F5E705 /* P5_QuizTests */ = {
			isa = PBXGroup;
			children = (
				DE99167B21C146AA00F5E705 /* P5_QuizTests.swift */,
				DE99167D21C146AA00F5E705 /* Info.plist */,
			);
			path = P5_QuizTests;
			sourceTree = "<group>";
		};
		DE99168521C146AA00F5E705 /* P5_QuizUITests */ = {
			isa = PBXGroup;
			children = (
				DE99168621C146AA00F5E705 /* P5_QuizUITests.swift */,
				DE99168821C146AA00F5E705 /* Info.plist */,
			);
			path = P5_QuizUITests;
			sourceTree = "<group>";
		};
/* End PBXGroup section */

/* Begin PBXNativeTarget section */
		DE99166221C146A800F5E705 /* P5_Quiz */ = {
			isa = PBXNativeTarget;
			buildConfigurationList = DE99168B21C146AA00F5E705 /* Build configuration list for PBXNativeTarget "P5_Quiz" */;
			buildPhases = (
				DE99165F21C146A800F5E705 /* Sources */,
				DE99166021C146A800F5E705 /* Frameworks */,
				DE99166121C146A800F5E705 /* Resources */,
			);
			buildRules = (
			);
			dependencies = (
			);
			name = P5_Quiz;
			productName = P5_Quiz;
			productReference = DE99166321C146A800F5E705 /* P5_Quiz.app */;
			productType = "com.apple.product-type.application";
		};
		DE99167621C146AA00F5E705 /* P5_QuizTests */ = {
			isa = PBXNativeTarget;
			buildConfigurationList = DE99168E21C146AA00F5E705 /* Build configuration list for PBXNativeTarget "P5_QuizTests" */;
			buildPhases = (
				DE99167321C146AA00F5E705 /* Sources */,
				DE99167421C146AA00F5E705 /* Frameworks */,
				DE99167521C146AA00F5E705 /* Resources */,
			);
			buildRules = (
			);
			dependencies = (
				DE99167921C146AA00F5E705 /* PBXTargetDependency */,
			);
			name = P5_QuizTests;
			productName = P5_QuizTests;
			productReference = DE99167721C146AA00F5E705 /* P5_QuizTests.xctest */;
			productType = "com.apple.product-type.bundle.unit-test";
		};
		DE99168121C146AA00F5E705 /* P5_QuizUITests */ = {
			isa = PBXNativeTarget;
			buildConfigurationList = DE99169121C146AA00F5E705 /* Build configuration list for PBXNativeTarget "P5_QuizUITests" */;
			buildPhases = (
				DE99167E21C146AA00F5E705 /* Sources */,
				DE99167F21C146AA00F5E705 /* Frameworks */,
				DE99168021C146AA00F5E705 /* Resources */,
			);
			buildRules = (
			);
			dependencies = (
				DE99168421C146AA00F5E705 /* PBXTargetDependency */,
			);
			name = P5_QuizUITests;
			productName = P5_QuizUITests;
			productReference = DE99168221C146AA00F5E705 /* P5_QuizUITests.xctest */;
			productType = "com.apple.product-type.bundle.ui-testing";
		};
/* End PBXNativeTarget section */

/* Begin PBXProject section */
		DE99165B21C146A800F5E705 /* Project object */ = {
			isa = PBXProject;
			attributes = {
				LastSwiftUpdateCheck = 1010;
				LastUpgradeCheck = 1010;
				ORGANIZATIONNAME = g834;
				TargetAttributes = {
					DE99166221C146A800F5E705 = {
						CreatedOnToolsVersion = 10.1;
					};
					DE99167621C146AA00F5E705 = {
						CreatedOnToolsVersion = 10.1;
						TestTargetID = DE99166221C146A800F5E705;
					};
					DE99168121C146AA00F5E705 = {
						CreatedOnToolsVersion = 10.1;
						TestTargetID = DE99166221C146A800F5E705;
					};
				};
			};
			buildConfigurationList = DE99165E21C146A800F5E705 /* Build configuration list for PBXProject "P5_Quiz" */;
			compatibilityVersion = "Xcode 9.3";
			developmentRegion = en;
			hasScannedForEncodings = 0;
			knownRegions = (
				en,
				Base,
			);
			mainGroup = DE99165A21C146A800F5E705;
			productRefGroup = DE99166421C146A800F5E705 /* Products */;
			projectDirPath = "";
			projectRoot = "";
			targets = (
				DE99166221C146A800F5E705 /* P5_Quiz */,
				DE99167621C146AA00F5E705 /* P5_QuizTests */,
				DE99168121C146AA00F5E705 /* P5_QuizUITests */,
			);
		};
/* End PBXProject section */

/* Begin PBXResourcesBuildPhase section */
		DE99166121C146A800F5E705 /* Resources */ = {
			isa = PBXResourcesBuildPhase;
			buildActionMask = 2147483647;
			files = (
				DE99167121C146AA00F5E705 /* LaunchScreen.storyboard in Resources */,
				DE99166E21C146AA00F5E705 /* Assets.xcassets in Resources */,
				DE99166C21C146A800F5E705 /* Main.storyboard in Resources */,
			);
			runOnlyForDeploymentPostprocessing = 0;
		};
		DE99167521C146AA00F5E705 /* Resources */ = {
			isa = PBXResourcesBuildPhase;
			buildActionMask = 2147483647;
			files = (
			);
			runOnlyForDeploymentPostprocessing = 0;
		};
		DE99168021C146AA00F5E705 /* Resources */ = {
			isa = PBXResourcesBuildPhase;
			buildActionMask = 2147483647;
			files = (
			);
			runOnlyForDeploymentPostprocessing = 0;
		};
/* End PBXResourcesBuildPhase section */

/* Begin PBXSourcesBuildPhase section */
		DE99165F21C146A800F5E705 /* Sources */ = {
			isa = PBXSourcesBuildPhase;
			buildActionMask = 2147483647;
			files = (
				DE99169721C1575F00F5E705 /* TriviaTableViewController.swift in Sources */,
				DE99166921C146A800F5E705 /* ViewController.swift in Sources */,
				DE99169921C16D5100F5E705 /* TriviaTableViewCell.swift in Sources */,
				DE99166721C146A800F5E705 /* AppDelegate.swift in Sources */,
			);
			runOnlyForDeploymentPostprocessing = 0;
		};
		DE99167321C146AA00F5E705 /* Sources */ = {
			isa = PBXSourcesBuildPhase;
			buildActionMask = 2147483647;
			files = (
				DE99167C21C146AA00F5E705 /* P5_QuizTests.swift in Sources */,
			);
			runOnlyForDeploymentPostprocessing = 0;
		};
		DE99167E21C146AA00F5E705 /* Sources */ = {
			isa = PBXSourcesBuildPhase;
			buildActionMask = 2147483647;
			files = (
				DE99168721C146AA00F5E705 /* P5_QuizUITests.swift in Sources */,
			);
			runOnlyForDeploymentPostprocessing = 0;
		};
/* End PBXSourcesBuildPhase section */

/* Begin PBXTargetDependency section */
		DE99167921C146AA00F5E705 /* PBXTargetDependency */ = {
			isa = PBXTargetDependency;
			target = DE99166221C146A800F5E705 /* P5_Quiz */;
			targetProxy = DE99167821C146AA00F5E705 /* PBXContainerItemProxy */;
		};
		DE99168421C146AA00F5E705 /* PBXTargetDependency */ = {
			isa = PBXTargetDependency;
			target = DE99166221C146A800F5E705 /* P5_Quiz */;
			targetProxy = DE99168321C146AA00F5E705 /* PBXContainerItemProxy */;
		};
/* End PBXTargetDependency section */

/* Begin PBXVariantGroup section */
		DE99166A21C146A800F5E705 /* Main.storyboard */ = {
			isa = PBXVariantGroup;
			children = (
				DE99166B21C146A800F5E705 /* Base */,
			);
			name = Main.storyboard;
			sourceTree = "<group>";
		};
		DE99166F21C146AA00F5E705 /* LaunchScreen.storyboard */ = {
			isa = PBXVariantGroup;
			children = (
				DE99167021C146AA00F5E705 /* Base */,
			);
			name = LaunchScreen.storyboard;
			sourceTree = "<group>";
		};
/* End PBXVariantGroup section */

/* Begin XCBuildConfiguration section */
		DE99168921C146AA00F5E705 /* Debug */ = {
			isa = XCBuildConfiguration;
			buildSettings = {
				ALWAYS_SEARCH_USER_PATHS = NO;
				CLANG_ANALYZER_NONNULL = YES;
				CLANG_ANALYZER_NUMBER_OBJECT_CONVERSION = YES_AGGRESSIVE;
				CLANG_CXX_LANGUAGE_STANDARD = "gnu++14";
				CLANG_CXX_LIBRARY = "libc++";
				CLANG_ENABLE_MODULES = YES;
				CLANG_ENABLE_OBJC_ARC = YES;
				CLANG_ENABLE_OBJC_WEAK = YES;
				CLANG_WARN_BLOCK_CAPTURE_AUTORELEASING = YES;
				CLANG_WARN_BOOL_CONVERSION = YES;
				CLANG_WARN_COMMA = YES;
				CLANG_WARN_CONSTANT_CONVERSION = YES;
				CLANG_WARN_DEPRECATED_OBJC_IMPLEMENTATIONS = YES;
				CLANG_WARN_DIRECT_OBJC_ISA_USAGE = YES_ERROR;
				CLANG_WARN_DOCUMENTATION_COMMENTS = YES;
				CLANG_WARN_EMPTY_BODY = YES;
				CLANG_WARN_ENUM_CONVERSION = YES;
				CLANG_WARN_INFINITE_RECURSION = YES;
				CLANG_WARN_INT_CONVERSION = YES;
				CLANG_WARN_NON_LITERAL_NULL_CONVERSION = YES;
				CLANG_WARN_OBJC_IMPLICIT_RETAIN_SELF = YES;
				CLANG_WARN_OBJC_LITERAL_CONVERSION = YES;
				CLANG_WARN_OBJC_ROOT_CLASS = YES_ERROR;
				CLANG_WARN_RANGE_LOOP_ANALYSIS = YES;
				CLANG_WARN_STRICT_PROTOTYPES = YES;
				CLANG_WARN_SUSPICIOUS_MOVE = YES;
				CLANG_WARN_UNGUARDED_AVAILABILITY = YES_AGGRESSIVE;
				CLANG_WARN_UNREACHABLE_CODE = YES;
				CLANG_WARN__DUPLICATE_METHOD_MATCH = YES;
				CODE_SIGN_IDENTITY = "iPhone Developer";
				COPY_PHASE_STRIP = NO;
				DEBUG_INFORMATION_FORMAT = dwarf;
				ENABLE_STRICT_OBJC_MSGSEND = YES;
				ENABLE_TESTABILITY = YES;
				GCC_C_LANGUAGE_STANDARD = gnu11;
				GCC_DYNAMIC_NO_PIC = NO;
				GCC_NO_COMMON_BLOCKS = YES;
				GCC_OPTIMIZATION_LEVEL = 0;
				GCC_PREPROCESSOR_DEFINITIONS = (
					"DEBUG=1",
					"$(inherited)",
				);
				GCC_WARN_64_TO_32_BIT_CONVERSION = YES;
				GCC_WARN_ABOUT_RETURN_TYPE = YES_ERROR;
				GCC_WARN_UNDECLARED_SELECTOR = YES;
				GCC_WARN_UNINITIALIZED_AUTOS = YES_AGGRESSIVE;
				GCC_WARN_UNUSED_FUNCTION = YES;
				GCC_WARN_UNUSED_VARIABLE = YES;
				IPHONEOS_DEPLOYMENT_TARGET = 12.1;
				MTL_ENABLE_DEBUG_INFO = INCLUDE_SOURCE;
				MTL_FAST_MATH = YES;
				ONLY_ACTIVE_ARCH = YES;
				SDKROOT = iphoneos;
				SWIFT_ACTIVE_COMPILATION_CONDITIONS = DEBUG;
				SWIFT_OPTIMIZATION_LEVEL = "-Onone";
			};
			name = Debug;
		};
		DE99168A21C146AA00F5E705 /* Release */ = {
			isa = XCBuildConfiguration;
			buildSettings = {
				ALWAYS_SEARCH_USER_PATHS = NO;
				CLANG_ANALYZER_NONNULL = YES;
				CLANG_ANALYZER_NUMBER_OBJECT_CONVERSION = YES_AGGRESSIVE;
				CLANG_CXX_LANGUAGE_STANDARD = "gnu++14";
				CLANG_CXX_LIBRARY = "libc++";
				CLANG_ENABLE_MODULES = YES;
				CLANG_ENABLE_OBJC_ARC = YES;
				CLANG_ENABLE_OBJC_WEAK = YES;
				CLANG_WARN_BLOCK_CAPTURE_AUTORELEASING = YES;
				CLANG_WARN_BOOL_CONVERSION = YES;
				CLANG_WARN_COMMA = YES;
				CLANG_WARN_CONSTANT_CONVERSION = YES;
				CLANG_WARN_DEPRECATED_OBJC_IMPLEMENTATIONS = YES;
				CLANG_WARN_DIRECT_OBJC_ISA_USAGE = YES_ERROR;
				CLANG_WARN_DOCUMENTATION_COMMENTS = YES;
				CLANG_WARN_EMPTY_BODY = YES;
				CLANG_WARN_ENUM_CONVERSION = YES;
				CLANG_WARN_INFINITE_RECURSION = YES;
				CLANG_WARN_INT_CONVERSION = YES;
				CLANG_WARN_NON_LITERAL_NULL_CONVERSION = YES;
				CLANG_WARN_OBJC_IMPLICIT_RETAIN_SELF = YES;
				CLANG_WARN_OBJC_LITERAL_CONVERSION = YES;
				CLANG_WARN_OBJC_ROOT_CLASS = YES_ERROR;
				CLANG_WARN_RANGE_LOOP_ANALYSIS = YES;
				CLANG_WARN_STRICT_PROTOTYPES = YES;
				CLANG_WARN_SUSPICIOUS_MOVE = YES;
				CLANG_WARN_UNGUARDED_AVAILABILITY = YES_AGGRESSIVE;
				CLANG_WARN_UNREACHABLE_CODE = YES;
				CLANG_WARN__DUPLICATE_METHOD_MATCH = YES;
				CODE_SIGN_IDENTITY = "iPhone Developer";
				COPY_PHASE_STRIP = NO;
				DEBUG_INFORMATION_FORMAT = "dwarf-with-dsym";
				ENABLE_NS_ASSERTIONS = NO;
				ENABLE_STRICT_OBJC_MSGSEND = YES;
				GCC_C_LANGUAGE_STANDARD = gnu11;
				GCC_NO_COMMON_BLOCKS = YES;
				GCC_WARN_64_TO_32_BIT_CONVERSION = YES;
				GCC_WARN_ABOUT_RETURN_TYPE = YES_ERROR;
				GCC_WARN_UNDECLARED_SELECTOR = YES;
				GCC_WARN_UNINITIALIZED_AUTOS = YES_AGGRESSIVE;
				GCC_WARN_UNUSED_FUNCTION = YES;
				GCC_WARN_UNUSED_VARIABLE = YES;
				IPHONEOS_DEPLOYMENT_TARGET = 12.1;
				MTL_ENABLE_DEBUG_INFO = NO;
				MTL_FAST_MATH = YES;
				SDKROOT = iphoneos;
				SWIFT_COMPILATION_MODE = wholemodule;
				SWIFT_OPTIMIZATION_LEVEL = "-O";
				VALIDATE_PRODUCT = YES;
			};
			name = Release;
		};
		DE99168C21C146AA00F5E705 /* Debug */ = {
			isa = XCBuildConfiguration;
			buildSettings = {
				ASSETCATALOG_COMPILER_APPICON_NAME = AppIcon;
				CODE_SIGN_STYLE = Automatic;
				INFOPLIST_FILE = P5_Quiz/Info.plist;
				LD_RUNPATH_SEARCH_PATHS = (
					"$(inherited)",
					"@executable_path/Frameworks",
				);
				PRODUCT_BUNDLE_IDENTIFIER = "es.upm.g834.P5-Quiz";
				PRODUCT_NAME = "$(TARGET_NAME)";
				SWIFT_VERSION = 4.2;
				TARGETED_DEVICE_FAMILY = "1,2";
			};
			name = Debug;
		};
		DE99168D21C146AA00F5E705 /* Release */ = {
			isa = XCBuildConfiguration;
			buildSettings = {
				ASSETCATALOG_COMPILER_APPICON_NAME = AppIcon;
				CODE_SIGN_STYLE = Automatic;
				INFOPLIST_FILE = P5_Quiz/Info.plist;
				LD_RUNPATH_SEARCH_PATHS = (
					"$(inherited)",
					"@executable_path/Frameworks",
				);
				PRODUCT_BUNDLE_IDENTIFIER = "es.upm.g834.P5-Quiz";
				PRODUCT_NAME = "$(TARGET_NAME)";
				SWIFT_VERSION = 4.2;
				TARGETED_DEVICE_FAMILY = "1,2";
			};
			name = Release;
		};
		DE99168F21C146AA00F5E705 /* Debug */ = {
			isa = XCBuildConfiguration;
			buildSettings = {
				ALWAYS_EMBED_SWIFT_STANDARD_LIBRARIES = YES;
				BUNDLE_LOADER = "$(TEST_HOST)";
				CODE_SIGN_STYLE = Automatic;
				INFOPLIST_FILE = P5_QuizTests/Info.plist;
				LD_RUNPATH_SEARCH_PATHS = (
					"$(inherited)",
					"@executable_path/Frameworks",
					"@loader_path/Frameworks",
				);
				PRODUCT_BUNDLE_IDENTIFIER = "es.upm.g834.P5-QuizTests";
				PRODUCT_NAME = "$(TARGET_NAME)";
				SWIFT_VERSION = 4.2;
				TARGETED_DEVICE_FAMILY = "1,2";
				TEST_HOST = "$(BUILT_PRODUCTS_DIR)/P5_Quiz.app/P5_Quiz";
			};
			name = Debug;
		};
		DE99169021C146AA00F5E705 /* Release */ = {
			isa = XCBuildConfiguration;
			buildSettings = {
				ALWAYS_EMBED_SWIFT_STANDARD_LIBRARIES = YES;
				BUNDLE_LOADER = "$(TEST_HOST)";
				CODE_SIGN_STYLE = Automatic;
				INFOPLIST_FILE = P5_QuizTests/Info.plist;
				LD_RUNPATH_SEARCH_PATHS = (
					"$(inherited)",
					"@executable_path/Frameworks",
					"@loader_path/Frameworks",
				);
				PRODUCT_BUNDLE_IDENTIFIER = "es.upm.g834.P5-QuizTests";
				PRODUCT_NAME = "$(TARGET_NAME)";
				SWIFT_VERSION = 4.2;
				TARGETED_DEVICE_FAMILY = "1,2";
				TEST_HOST = "$(BUILT_PRODUCTS_DIR)/P5_Quiz.app/P5_Quiz";
			};
			name = Release;
		};
		DE99169221C146AA00F5E705 /* Debug */ = {
			isa = XCBuildConfiguration;
			buildSettings = {
				ALWAYS_EMBED_SWIFT_STANDARD_LIBRARIES = YES;
				CODE_SIGN_STYLE = Automatic;
				INFOPLIST_FILE = P5_QuizUITests/Info.plist;
				LD_RUNPATH_SEARCH_PATHS = (
					"$(inherited)",
					"@executable_path/Frameworks",
					"@loader_path/Frameworks",
				);
				PRODUCT_BUNDLE_IDENTIFIER = "es.upm.g834.P5-QuizUITests";
				PRODUCT_NAME = "$(TARGET_NAME)";
				SWIFT_VERSION = 4.2;
				TARGETED_DEVICE_FAMILY = "1,2";
				TEST_TARGET_NAME = P5_Quiz;
			};
			name = Debug;
		};
		DE99169321C146AA00F5E705 /* Release */ = {
			isa = XCBuildConfiguration;
			buildSettings = {
				ALWAYS_EMBED_SWIFT_STANDARD_LIBRARIES = YES;
				CODE_SIGN_STYLE = Automatic;
				INFOPLIST_FILE = P5_QuizUITests/Info.plist;
				LD_RUNPATH_SEARCH_PATHS = (
					"$(inherited)",
					"@executable_path/Frameworks",
					"@loader_path/Frameworks",
				);
				PRODUCT_BUNDLE_IDENTIFIER = "es.upm.g834.P5-QuizUITests";
				PRODUCT_NAME = "$(TARGET_NAME)";
				SWIFT_VERSION = 4.2;
				TARGETED_DEVICE_FAMILY = "1,2";
				TEST_TARGET_NAME = P5_Quiz;
			};
			name = Release;
		};
/* End XCBuildConfiguration section */

/* Begin XCConfigurationList section */
		DE99165E21C146A800F5E705 /* Build configuration list for PBXProject "P5_Quiz" */ = {
			isa = XCConfigurationList;
			buildConfigurations = (
				DE99168921C146AA00F5E705 /* Debug */,
				DE99168A21C146AA00F5E705 /* Release */,
			);
			defaultConfigurationIsVisible = 0;
			defaultConfigurationName = Release;
		};
		DE99168B21C146AA00F5E705 /* Build configuration list for PBXNativeTarget "P5_Quiz" */ = {
			isa = XCConfigurationList;
			buildConfigurations = (
				DE99168C21C146AA00F5E705 /* Debug */,
				DE99168D21C146AA00F5E705 /* Release */,
			);
			defaultConfigurationIsVisible = 0;
			defaultConfigurationName = Release;
		};
		DE99168E21C146AA00F5E705 /* Build configuration list for PBXNativeTarget "P5_QuizTests" */ = {
			isa = XCConfigurationList;
			buildConfigurations = (
				DE99168F21C146AA00F5E705 /* Debug */,
				DE99169021C146AA00F5E705 /* Release */,
			);
			defaultConfigurationIsVisible = 0;
			defaultConfigurationName = Release;
		};
		DE99169121C146AA00F5E705 /* Build configuration list for PBXNativeTarget "P5_QuizUITests" */ = {
			isa = XCConfigurationList;
			buildConfigurations = (
				DE99169221C146AA00F5E705 /* Debug */,
				DE99169321C146AA00F5E705 /* Release */,
			);
			defaultConfigurationIsVisible = 0;
			defaultConfigurationName = Release;
		};
/* End XCConfigurationList section */
	};
	rootObject = DE99165B21C146A800F5E705 /* Project object */;
}
