// !$*UTF8*$!
{
	archiveVersion = 1;
	classes = {
	};
	objectVersion = 46;
	objects = {

/* Begin PBXBuildFile section */
		DE8FF8DC218858E4003C9910 /* AppDelegate.swift in Sources */ = {isa = PBXBuildFile; fileRef = DE8FF8DB218858E4003C9910 /* AppDelegate.swift */; };
		DE8FF8DE218858E4003C9910 /* ViewController.swift in Sources */ = {isa = PBXBuildFile; fileRef = DE8FF8DD218858E4003C9910 /* ViewController.swift */; };
		DE8FF8E1218858E4003C9910 /* Main.storyboard in Resources */ = {isa = PBXBuildFile; fileRef = DE8FF8DF218858E4003C9910 /* Main.storyboard */; };
		DE8FF8E3218858E4003C9910 /* Assets.xcassets in Resources */ = {isa = PBXBuildFile; fileRef = DE8FF8E2218858E4003C9910 /* Assets.xcassets */; };
		DE8FF8E6218858E4003C9910 /* LaunchScreen.storyboard in Resources */ = {isa = PBXBuildFile; fileRef = DE8FF8E4218858E4003C9910 /* LaunchScreen.storyboard */; };
		DE8FF8F1218858E4003C9910 /* Fiesta_de_la_media_naranjaTests.swift in Sources */ = {isa = PBXBuildFile; fileRef = DE8FF8F0218858E4003C9910 /* Fiesta_de_la_media_naranjaTests.swift */; };
		DE8FF8FC218858E4003C9910 /* Fiesta_de_la_media_naranjaUITests.swift in Sources */ = {isa = PBXBuildFile; fileRef = DE8FF8FB218858E4003C9910 /* Fiesta_de_la_media_naranjaUITests.swift */; };
		DE8FF91021885CD1003C9910 /* CumpleViewController.swift in Sources */ = {isa = PBXBuildFile; fileRef = DE8FF90F21885CD1003C9910 /* CumpleViewController.swift */; };
		DE8FF91221886D35003C9910 /* LoveViewController.swift in Sources */ = {isa = PBXBuildFile; fileRef = DE8FF91121886D35003C9910 /* LoveViewController.swift */; };
/* End PBXBuildFile section */

/* Begin PBXContainerItemProxy section */
		DE8FF8ED218858E4003C9910 /* PBXContainerItemProxy */ = {
			isa = PBXContainerItemProxy;
			containerPortal = DE8FF8D0218858E4003C9910 /* Project object */;
			proxyType = 1;
			remoteGlobalIDString = DE8FF8D7218858E4003C9910;
			remoteInfo = "Fiesta de la media naranja";
		};
		DE8FF8F8218858E4003C9910 /* PBXContainerItemProxy */ = {
			isa = PBXContainerItemProxy;
			containerPortal = DE8FF8D0218858E4003C9910 /* Project object */;
			proxyType = 1;
			remoteGlobalIDString = DE8FF8D7218858E4003C9910;
			remoteInfo = "Fiesta de la media naranja";
		};
/* End PBXContainerItemProxy section */

/* Begin PBXFileReference section */
		DE8FF8D8218858E4003C9910 /* Fiesta de la media naranja.app */ = {isa = PBXFileReference; explicitFileType = wrapper.application; includeInIndex = 0; path = "Fiesta de la media naranja.app"; sourceTree = BUILT_PRODUCTS_DIR; };
		DE8FF8DB218858E4003C9910 /* AppDelegate.swift */ = {isa = PBXFileReference; lastKnownFileType = sourcecode.swift; path = AppDelegate.swift; sourceTree = "<group>"; };
		DE8FF8DD218858E4003C9910 /* ViewController.swift */ = {isa = PBXFileReference; lastKnownFileType = sourcecode.swift; path = ViewController.swift; sourceTree = "<group>"; };
		DE8FF8E0218858E4003C9910 /* Base */ = {isa = PBXFileReference; lastKnownFileType = file.storyboard; name = Base; path = Base.lproj/Main.storyboard; sourceTree = "<group>"; };
		DE8FF8E2218858E4003C9910 /* Assets.xcassets */ = {isa = PBXFileReference; lastKnownFileType = folder.assetcatalog; path = Assets.xcassets; sourceTree = "<group>"; };
		DE8FF8E5218858E4003C9910 /* Base */ = {isa = PBXFileReference; lastKnownFileType = file.storyboard; name = Base; path = Base.lproj/LaunchScreen.storyboard; sourceTree = "<group>"; };
		DE8FF8E7218858E4003C9910 /* Info.plist */ = {isa = PBXFileReference; lastKnownFileType = text.plist.xml; path = Info.plist; sourceTree = "<group>"; };
		DE8FF8EC218858E4003C9910 /* Fiesta de la media naranjaTests.xctest */ = {isa = PBXFileReference; explicitFileType = wrapper.cfbundle; includeInIndex = 0; path = "Fiesta de la media naranjaTests.xctest"; sourceTree = BUILT_PRODUCTS_DIR; };
		DE8FF8F0218858E4003C9910 /* Fiesta_de_la_media_naranjaTests.swift */ = {isa = PBXFileReference; lastKnownFileType = sourcecode.swift; path = Fiesta_de_la_media_naranjaTests.swift; sourceTree = "<group>"; };
		DE8FF8F2218858E4003C9910 /* Info.plist */ = {isa = PBXFileReference; lastKnownFileType = text.plist.xml; path = Info.plist; sourceTree = "<group>"; };
		DE8FF8F7218858E4003C9910 /* Fiesta de la media naranjaUITests.xctest */ = {isa = PBXFileReference; explicitFileType = wrapper.cfbundle; includeInIndex = 0; path = "Fiesta de la media naranjaUITests.xctest"; sourceTree = BUILT_PRODUCTS_DIR; };
		DE8FF8FB218858E4003C9910 /* Fiesta_de_la_media_naranjaUITests.swift */ = {isa = PBXFileReference; lastKnownFileType = sourcecode.swift; path = Fiesta_de_la_media_naranjaUITests.swift; sourceTree = "<group>"; };
		DE8FF8FD218858E4003C9910 /* Info.plist */ = {isa = PBXFileReference; lastKnownFileType = text.plist.xml; path = Info.plist; sourceTree = "<group>"; };
		DE8FF90F21885CD1003C9910 /* CumpleViewController.swift */ = {isa = PBXFileReference; fileEncoding = 4; lastKnownFileType = sourcecode.swift; path = CumpleViewController.swift; sourceTree = "<group>"; };
		DE8FF91121886D35003C9910 /* LoveViewController.swift */ = {isa = PBXFileReference; fileEncoding = 4; lastKnownFileType = sourcecode.swift; path = LoveViewController.swift; sourceTree = "<group>"; };
/* End PBXFileReference section */

/* Begin PBXFrameworksBuildPhase section */
		DE8FF8D5218858E4003C9910 /* Frameworks */ = {
			isa = PBXFrameworksBuildPhase;
			buildActionMask = 2147483647;
			files = (
			);
			runOnlyForDeploymentPostprocessing = 0;
		};
		DE8FF8E9218858E4003C9910 /* Frameworks */ = {
			isa = PBXFrameworksBuildPhase;
			buildActionMask = 2147483647;
			files = (
			);
			runOnlyForDeploymentPostprocessing = 0;
		};
		DE8FF8F4218858E4003C9910 /* Frameworks */ = {
			isa = PBXFrameworksBuildPhase;
			buildActionMask = 2147483647;
			files = (
			);
			runOnlyForDeploymentPostprocessing = 0;
		};
/* End PBXFrameworksBuildPhase section */

/* Begin PBXGroup section */
		DE8FF8CF218858E4003C9910 = {
			isa = PBXGroup;
			children = (
				DE8FF8DA218858E4003C9910 /* Fiesta de la media naranja */,
				DE8FF8EF218858E4003C9910 /* Fiesta de la media naranjaTests */,
				DE8FF8FA218858E4003C9910 /* Fiesta de la media naranjaUITests */,
				DE8FF8D9218858E4003C9910 /* Products */,
			);
			sourceTree = "<group>";
		};
		DE8FF8D9218858E4003C9910 /* Products */ = {
			isa = PBXGroup;
			children = (
				DE8FF8D8218858E4003C9910 /* Fiesta de la media naranja.app */,
				DE8FF8EC218858E4003C9910 /* Fiesta de la media naranjaTests.xctest */,
				DE8FF8F7218858E4003C9910 /* Fiesta de la media naranjaUITests.xctest */,
			);
			name = Products;
			sourceTree = "<group>";
		};
		DE8FF8DA218858E4003C9910 /* Fiesta de la media naranja */ = {
			isa = PBXGroup;
			children = (
				DE8FF8DB218858E4003C9910 /* AppDelegate.swift */,
				DE8FF8DD218858E4003C9910 /* ViewController.swift */,
				DE8FF91121886D35003C9910 /* LoveViewController.swift */,
				DE8FF8DF218858E4003C9910 /* Main.storyboard */,
				DE8FF8E2218858E4003C9910 /* Assets.xcassets */,
				DE8FF8E4218858E4003C9910 /* LaunchScreen.storyboard */,
				DE8FF8E7218858E4003C9910 /* Info.plist */,
				DE8FF90F21885CD1003C9910 /* CumpleViewController.swift */,
			);
			path = "Fiesta de la media naranja";
			sourceTree = "<group>";
		};
		DE8FF8EF218858E4003C9910 /* Fiesta de la media naranjaTests */ = {
			isa = PBXGroup;
			children = (
				DE8FF8F0218858E4003C9910 /* Fiesta_de_la_media_naranjaTests.swift */,
				DE8FF8F2218858E4003C9910 /* Info.plist */,
			);
			path = "Fiesta de la media naranjaTests";
			sourceTree = "<group>";
		};
		DE8FF8FA218858E4003C9910 /* Fiesta de la media naranjaUITests */ = {
			isa = PBXGroup;
			children = (
				DE8FF8FB218858E4003C9910 /* Fiesta_de_la_media_naranjaUITests.swift */,
				DE8FF8FD218858E4003C9910 /* Info.plist */,
			);
			path = "Fiesta de la media naranjaUITests";
			sourceTree = "<group>";
		};
/* End PBXGroup section */

/* Begin PBXNativeTarget section */
		DE8FF8D7218858E4003C9910 /* Fiesta de la media naranja */ = {
			isa = PBXNativeTarget;
			buildConfigurationList = DE8FF900218858E4003C9910 /* Build configuration list for PBXNativeTarget "Fiesta de la media naranja" */;
			buildPhases = (
				DE8FF8D4218858E4003C9910 /* Sources */,
				DE8FF8D5218858E4003C9910 /* Frameworks */,
				DE8FF8D6218858E4003C9910 /* Resources */,
			);
			buildRules = (
			);
			dependencies = (
			);
			name = "Fiesta de la media naranja";
			productName = "Fiesta de la media naranja";
			productReference = DE8FF8D8218858E4003C9910 /* Fiesta de la media naranja.app */;
			productType = "com.apple.product-type.application";
		};
		DE8FF8EB218858E4003C9910 /* Fiesta de la media naranjaTests */ = {
			isa = PBXNativeTarget;
			buildConfigurationList = DE8FF903218858E4003C9910 /* Build configuration list for PBXNativeTarget "Fiesta de la media naranjaTests" */;
			buildPhases = (
				DE8FF8E8218858E4003C9910 /* Sources */,
				DE8FF8E9218858E4003C9910 /* Frameworks */,
				DE8FF8EA218858E4003C9910 /* Resources */,
			);
			buildRules = (
			);
			dependencies = (
				DE8FF8EE218858E4003C9910 /* PBXTargetDependency */,
			);
			name = "Fiesta de la media naranjaTests";
			productName = "Fiesta de la media naranjaTests";
			productReference = DE8FF8EC218858E4003C9910 /* Fiesta de la media naranjaTests.xctest */;
			productType = "com.apple.product-type.bundle.unit-test";
		};
		DE8FF8F6218858E4003C9910 /* Fiesta de la media naranjaUITests */ = {
			isa = PBXNativeTarget;
			buildConfigurationList = DE8FF906218858E4003C9910 /* Build configuration list for PBXNativeTarget "Fiesta de la media naranjaUITests" */;
			buildPhases = (
				DE8FF8F3218858E4003C9910 /* Sources */,
				DE8FF8F4218858E4003C9910 /* Frameworks */,
				DE8FF8F5218858E4003C9910 /* Resources */,
			);
			buildRules = (
			);
			dependencies = (
				DE8FF8F9218858E4003C9910 /* PBXTargetDependency */,
			);
			name = "Fiesta de la media naranjaUITests";
			productName = "Fiesta de la media naranjaUITests";
			productReference = DE8FF8F7218858E4003C9910 /* Fiesta de la media naranjaUITests.xctest */;
			productType = "com.apple.product-type.bundle.ui-testing";
		};
/* End PBXNativeTarget section */

/* Begin PBXProject section */
		DE8FF8D0218858E4003C9910 /* Project object */ = {
			isa = PBXProject;
			attributes = {
				LastSwiftUpdateCheck = 0830;
				LastUpgradeCheck = 0830;
				ORGANIZATIONNAME = g834;
				TargetAttributes = {
					DE8FF8D7218858E4003C9910 = {
						CreatedOnToolsVersion = 8.3.3;
						ProvisioningStyle = Automatic;
					};
					DE8FF8EB218858E4003C9910 = {
						CreatedOnToolsVersion = 8.3.3;
						ProvisioningStyle = Automatic;
						TestTargetID = DE8FF8D7218858E4003C9910;
					};
					DE8FF8F6218858E4003C9910 = {
						CreatedOnToolsVersion = 8.3.3;
						ProvisioningStyle = Automatic;
						TestTargetID = DE8FF8D7218858E4003C9910;
					};
				};
			};
			buildConfigurationList = DE8FF8D3218858E4003C9910 /* Build configuration list for PBXProject "Fiesta de la media naranja" */;
			compatibilityVersion = "Xcode 3.2";
			developmentRegion = English;
			hasScannedForEncodings = 0;
			knownRegions = (
				en,
				Base,
			);
			mainGroup = DE8FF8CF218858E4003C9910;
			productRefGroup = DE8FF8D9218858E4003C9910 /* Products */;
			projectDirPath = "";
			projectRoot = "";
			targets = (
				DE8FF8D7218858E4003C9910 /* Fiesta de la media naranja */,
				DE8FF8EB218858E4003C9910 /* Fiesta de la media naranjaTests */,
				DE8FF8F6218858E4003C9910 /* Fiesta de la media naranjaUITests */,
			);
		};
/* End PBXProject section */

/* Begin PBXResourcesBuildPhase section */
		DE8FF8D6218858E4003C9910 /* Resources */ = {
			isa = PBXResourcesBuildPhase;
			buildActionMask = 2147483647;
			files = (
				DE8FF8E6218858E4003C9910 /* LaunchScreen.storyboard in Resources */,
				DE8FF8E3218858E4003C9910 /* Assets.xcassets in Resources */,
				DE8FF8E1218858E4003C9910 /* Main.storyboard in Resources */,
			);
			runOnlyForDeploymentPostprocessing = 0;
		};
		DE8FF8EA218858E4003C9910 /* Resources */ = {
			isa = PBXResourcesBuildPhase;
			buildActionMask = 2147483647;
			files = (
			);
			runOnlyForDeploymentPostprocessing = 0;
		};
		DE8FF8F5218858E4003C9910 /* Resources */ = {
			isa = PBXResourcesBuildPhase;
			buildActionMask = 2147483647;
			files = (
			);
			runOnlyForDeploymentPostprocessing = 0;
		};
/* End PBXResourcesBuildPhase section */

/* Begin PBXSourcesBuildPhase section */
		DE8FF8D4218858E4003C9910 /* Sources */ = {
			isa = PBXSourcesBuildPhase;
			buildActionMask = 2147483647;
			files = (
				DE8FF8DE218858E4003C9910 /* ViewController.swift in Sources */,
				DE8FF8DC218858E4003C9910 /* AppDelegate.swift in Sources */,
				DE8FF91021885CD1003C9910 /* CumpleViewController.swift in Sources */,
				DE8FF91221886D35003C9910 /* LoveViewController.swift in Sources */,
			);
			runOnlyForDeploymentPostprocessing = 0;
		};
		DE8FF8E8218858E4003C9910 /* Sources */ = {
			isa = PBXSourcesBuildPhase;
			buildActionMask = 2147483647;
			files = (
				DE8FF8F1218858E4003C9910 /* Fiesta_de_la_media_naranjaTests.swift in Sources */,
			);
			runOnlyForDeploymentPostprocessing = 0;
		};
		DE8FF8F3218858E4003C9910 /* Sources */ = {
			isa = PBXSourcesBuildPhase;
			buildActionMask = 2147483647;
			files = (
				DE8FF8FC218858E4003C9910 /* Fiesta_de_la_media_naranjaUITests.swift in Sources */,
			);
			runOnlyForDeploymentPostprocessing = 0;
		};
/* End PBXSourcesBuildPhase section */

/* Begin PBXTargetDependency section */
		DE8FF8EE218858E4003C9910 /* PBXTargetDependency */ = {
			isa = PBXTargetDependency;
			target = DE8FF8D7218858E4003C9910 /* Fiesta de la media naranja */;
			targetProxy = DE8FF8ED218858E4003C9910 /* PBXContainerItemProxy */;
		};
		DE8FF8F9218858E4003C9910 /* PBXTargetDependency */ = {
			isa = PBXTargetDependency;
			target = DE8FF8D7218858E4003C9910 /* Fiesta de la media naranja */;
			targetProxy = DE8FF8F8218858E4003C9910 /* PBXContainerItemProxy */;
		};
/* End PBXTargetDependency section */

/* Begin PBXVariantGroup section */
		DE8FF8DF218858E4003C9910 /* Main.storyboard */ = {
			isa = PBXVariantGroup;
			children = (
				DE8FF8E0218858E4003C9910 /* Base */,
			);
			name = Main.storyboard;
			sourceTree = "<group>";
		};
		DE8FF8E4218858E4003C9910 /* LaunchScreen.storyboard */ = {
			isa = PBXVariantGroup;
			children = (
				DE8FF8E5218858E4003C9910 /* Base */,
			);
			name = LaunchScreen.storyboard;
			sourceTree = "<group>";
		};
/* End PBXVariantGroup section */

/* Begin XCBuildConfiguration section */
		DE8FF8FE218858E4003C9910 /* Debug */ = {
			isa = XCBuildConfiguration;
			buildSettings = {
				ALWAYS_SEARCH_USER_PATHS = NO;
				CLANG_ANALYZER_NONNULL = YES;
				CLANG_ANALYZER_NUMBER_OBJECT_CONVERSION = YES_AGGRESSIVE;
				CLANG_CXX_LANGUAGE_STANDARD = "gnu++0x";
				CLANG_CXX_LIBRARY = "libc++";
				CLANG_ENABLE_MODULES = YES;
				CLANG_ENABLE_OBJC_ARC = YES;
				CLANG_WARN_BOOL_CONVERSION = YES;
				CLANG_WARN_CONSTANT_CONVERSION = YES;
				CLANG_WARN_DIRECT_OBJC_ISA_USAGE = YES_ERROR;
				CLANG_WARN_DOCUMENTATION_COMMENTS = YES;
				CLANG_WARN_EMPTY_BODY = YES;
				CLANG_WARN_ENUM_CONVERSION = YES;
				CLANG_WARN_INFINITE_RECURSION = YES;
				CLANG_WARN_INT_CONVERSION = YES;
				CLANG_WARN_OBJC_ROOT_CLASS = YES_ERROR;
				CLANG_WARN_SUSPICIOUS_MOVE = YES;
				CLANG_WARN_UNREACHABLE_CODE = YES;
				CLANG_WARN__DUPLICATE_METHOD_MATCH = YES;
				"CODE_SIGN_IDENTITY[sdk=iphoneos*]" = "iPhone Developer";
				COPY_PHASE_STRIP = NO;
				DEBUG_INFORMATION_FORMAT = dwarf;
				ENABLE_STRICT_OBJC_MSGSEND = YES;
				ENABLE_TESTABILITY = YES;
				GCC_C_LANGUAGE_STANDARD = gnu99;
				GCC_DYNAMIC_NO_PIC = NO;
				GCC_NO_COMMON_BLOCKS = YES;
				GCC_OPTIMIZATION_LEVEL = 0;
				GCC_PREPROCESSOR_DEFINITIONS = (
					"DEBUG=1",
					"$(inherited)",
				);
				GCC_WARN_64_TO_32_BIT_CONVERSION = YES;
				GCC_WARN_ABOUT_RETURN_TYPE = YES_ERROR;
				GCC_WARN_UNDECLARED_SELECTOR = YES;
				GCC_WARN_UNINITIALIZED_AUTOS = YES_AGGRESSIVE;
				GCC_WARN_UNUSED_FUNCTION = YES;
				GCC_WARN_UNUSED_VARIABLE = YES;
				IPHONEOS_DEPLOYMENT_TARGET = 10.3;
				MTL_ENABLE_DEBUG_INFO = YES;
				ONLY_ACTIVE_ARCH = YES;
				SDKROOT = iphoneos;
				SWIFT_ACTIVE_COMPILATION_CONDITIONS = DEBUG;
				SWIFT_OPTIMIZATION_LEVEL = "-Onone";
				TARGETED_DEVICE_FAMILY = "1,2";
			};
			name = Debug;
		};
		DE8FF8FF218858E4003C9910 /* Release */ = {
			isa = XCBuildConfiguration;
			buildSettings = {
				ALWAYS_SEARCH_USER_PATHS = NO;
				CLANG_ANALYZER_NONNULL = YES;
				CLANG_ANALYZER_NUMBER_OBJECT_CONVERSION = YES_AGGRESSIVE;
				CLANG_CXX_LANGUAGE_STANDARD = "gnu++0x";
				CLANG_CXX_LIBRARY = "libc++";
				CLANG_ENABLE_MODULES = YES;
				CLANG_ENABLE_OBJC_ARC = YES;
				CLANG_WARN_BOOL_CONVERSION = YES;
				CLANG_WARN_CONSTANT_CONVERSION = YES;
				CLANG_WARN_DIRECT_OBJC_ISA_USAGE = YES_ERROR;
				CLANG_WARN_DOCUMENTATION_COMMENTS = YES;
				CLANG_WARN_EMPTY_BODY = YES;
				CLANG_WARN_ENUM_CONVERSION = YES;
				CLANG_WARN_INFINITE_RECURSION = YES;
				CLANG_WARN_INT_CONVERSION = YES;
				CLANG_WARN_OBJC_ROOT_CLASS = YES_ERROR;
				CLANG_WARN_SUSPICIOUS_MOVE = YES;
				CLANG_WARN_UNREACHABLE_CODE = YES;
				CLANG_WARN__DUPLICATE_METHOD_MATCH = YES;
				"CODE_SIGN_IDENTITY[sdk=iphoneos*]" = "iPhone Developer";
				COPY_PHASE_STRIP = NO;
				DEBUG_INFORMATION_FORMAT = "dwarf-with-dsym";
				ENABLE_NS_ASSERTIONS = NO;
				ENABLE_STRICT_OBJC_MSGSEND = YES;
				GCC_C_LANGUAGE_STANDARD = gnu99;
				GCC_NO_COMMON_BLOCKS = YES;
				GCC_WARN_64_TO_32_BIT_CONVERSION = YES;
				GCC_WARN_ABOUT_RETURN_TYPE = YES_ERROR;
				GCC_WARN_UNDECLARED_SELECTOR = YES;
				GCC_WARN_UNINITIALIZED_AUTOS = YES_AGGRESSIVE;
				GCC_WARN_UNUSED_FUNCTION = YES;
				GCC_WARN_UNUSED_VARIABLE = YES;
				IPHONEOS_DEPLOYMENT_TARGET = 10.3;
				MTL_ENABLE_DEBUG_INFO = NO;
				SDKROOT = iphoneos;
				SWIFT_OPTIMIZATION_LEVEL = "-Owholemodule";
				TARGETED_DEVICE_FAMILY = "1,2";
				VALIDATE_PRODUCT = YES;
			};
			name = Release;
		};
		DE8FF901218858E4003C9910 /* Debug */ = {
			isa = XCBuildConfiguration;
			buildSettings = {
				ASSETCATALOG_COMPILER_APPICON_NAME = AppIcon;
				INFOPLIST_FILE = "Fiesta de la media naranja/Info.plist";
				LD_RUNPATH_SEARCH_PATHS = "$(inherited) @executable_path/Frameworks";
				PRODUCT_BUNDLE_IDENTIFIER = "es.upm.g834.Fiesta-de-la-media-naranja";
				PRODUCT_NAME = "$(TARGET_NAME)";
				SWIFT_VERSION = 3.0;
			};
			name = Debug;
		};
		DE8FF902218858E4003C9910 /* Release */ = {
			isa = XCBuildConfiguration;
			buildSettings = {
				ASSETCATALOG_COMPILER_APPICON_NAME = AppIcon;
				INFOPLIST_FILE = "Fiesta de la media naranja/Info.plist";
				LD_RUNPATH_SEARCH_PATHS = "$(inherited) @executable_path/Frameworks";
				PRODUCT_BUNDLE_IDENTIFIER = "es.upm.g834.Fiesta-de-la-media-naranja";
				PRODUCT_NAME = "$(TARGET_NAME)";
				SWIFT_VERSION = 3.0;
			};
			name = Release;
		};
		DE8FF904218858E4003C9910 /* Debug */ = {
			isa = XCBuildConfiguration;
			buildSettings = {
				ALWAYS_EMBED_SWIFT_STANDARD_LIBRARIES = YES;
				BUNDLE_LOADER = "$(TEST_HOST)";
				INFOPLIST_FILE = "Fiesta de la media naranjaTests/Info.plist";
				LD_RUNPATH_SEARCH_PATHS = "$(inherited) @executable_path/Frameworks @loader_path/Frameworks";
				PRODUCT_BUNDLE_IDENTIFIER = "es.upm.g834.Fiesta-de-la-media-naranjaTests";
				PRODUCT_NAME = "$(TARGET_NAME)";
				SWIFT_VERSION = 3.0;
				TEST_HOST = "$(BUILT_PRODUCTS_DIR)/Fiesta de la media naranja.app/Fiesta de la media naranja";
			};
			name = Debug;
		};
		DE8FF905218858E4003C9910 /* Release */ = {
			isa = XCBuildConfiguration;
			buildSettings = {
				ALWAYS_EMBED_SWIFT_STANDARD_LIBRARIES = YES;
				BUNDLE_LOADER = "$(TEST_HOST)";
				INFOPLIST_FILE = "Fiesta de la media naranjaTests/Info.plist";
				LD_RUNPATH_SEARCH_PATHS = "$(inherited) @executable_path/Frameworks @loader_path/Frameworks";
				PRODUCT_BUNDLE_IDENTIFIER = "es.upm.g834.Fiesta-de-la-media-naranjaTests";
				PRODUCT_NAME = "$(TARGET_NAME)";
				SWIFT_VERSION = 3.0;
				TEST_HOST = "$(BUILT_PRODUCTS_DIR)/Fiesta de la media naranja.app/Fiesta de la media naranja";
			};
			name = Release;
		};
		DE8FF907218858E4003C9910 /* Debug */ = {
			isa = XCBuildConfiguration;
			buildSettings = {
				ALWAYS_EMBED_SWIFT_STANDARD_LIBRARIES = YES;
				INFOPLIST_FILE = "Fiesta de la media naranjaUITests/Info.plist";
				LD_RUNPATH_SEARCH_PATHS = "$(inherited) @executable_path/Frameworks @loader_path/Frameworks";
				PRODUCT_BUNDLE_IDENTIFIER = "es.upm.g834.Fiesta-de-la-media-naranjaUITests";
				PRODUCT_NAME = "$(TARGET_NAME)";
				SWIFT_VERSION = 3.0;
				TEST_TARGET_NAME = "Fiesta de la media naranja";
			};
			name = Debug;
		};
		DE8FF908218858E4003C9910 /* Release */ = {
			isa = XCBuildConfiguration;
			buildSettings = {
				ALWAYS_EMBED_SWIFT_STANDARD_LIBRARIES = YES;
				INFOPLIST_FILE = "Fiesta de la media naranjaUITests/Info.plist";
				LD_RUNPATH_SEARCH_PATHS = "$(inherited) @executable_path/Frameworks @loader_path/Frameworks";
				PRODUCT_BUNDLE_IDENTIFIER = "es.upm.g834.Fiesta-de-la-media-naranjaUITests";
				PRODUCT_NAME = "$(TARGET_NAME)";
				SWIFT_VERSION = 3.0;
				TEST_TARGET_NAME = "Fiesta de la media naranja";
			};
			name = Release;
		};
/* End XCBuildConfiguration section */

/* Begin XCConfigurationList section */
		DE8FF8D3218858E4003C9910 /* Build configuration list for PBXProject "Fiesta de la media naranja" */ = {
			isa = XCConfigurationList;
			buildConfigurations = (
				DE8FF8FE218858E4003C9910 /* Debug */,
				DE8FF8FF218858E4003C9910 /* Release */,
			);
			defaultConfigurationIsVisible = 0;
			defaultConfigurationName = Release;
		};
		DE8FF900218858E4003C9910 /* Build configuration list for PBXNativeTarget "Fiesta de la media naranja" */ = {
			isa = XCConfigurationList;
			buildConfigurations = (
				DE8FF901218858E4003C9910 /* Debug */,
				DE8FF902218858E4003C9910 /* Release */,
			);
			defaultConfigurationIsVisible = 0;
		};
		DE8FF903218858E4003C9910 /* Build configuration list for PBXNativeTarget "Fiesta de la media naranjaTests" */ = {
			isa = XCConfigurationList;
			buildConfigurations = (
				DE8FF904218858E4003C9910 /* Debug */,
				DE8FF905218858E4003C9910 /* Release */,
			);
			defaultConfigurationIsVisible = 0;
		};
		DE8FF906218858E4003C9910 /* Build configuration list for PBXNativeTarget "Fiesta de la media naranjaUITests" */ = {
			isa = XCConfigurationList;
			buildConfigurations = (
				DE8FF907218858E4003C9910 /* Debug */,
				DE8FF908218858E4003C9910 /* Release */,
			);
			defaultConfigurationIsVisible = 0;
		};
/* End XCConfigurationList section */
	};
	rootObject = DE8FF8D0218858E4003C9910 /* Project object */;
}
